
Microsoft Visual Studio Solution File, Format Version 12.00
# Visual Studio Version 17
VisualStudioVersion = 17.11.35327.3
MinimumVisualStudioVersion = 10.0.40219.1
Project("{2150E333-8FDC-42A3-9474-1A3956D46DE8}") = "CleanArchitecture", "CleanArchitecture", "{425540F1-A533-44EE-9D0F-AEF3D10FD877}"
EndProject
Project("{2150E333-8FDC-42A3-9474-1A3956D46DE8}") = "Src", "Src", "{7901FE91-F870-4EB5-913E-D49D2ED790EF}"
EndProject
Project("{2150E333-8FDC-42A3-9474-1A3956D46DE8}") = "Test", "Test", "{45883837-6208-4F0B-B3A7-A0A431228C2E}"
EndProject
Project("{2150E333-8FDC-42A3-9474-1A3956D46DE8}") = "Core", "Core", "{5DAAF5DB-9270-4B5C-8CF0-0CE6AF459569}"
EndProject
Project("{2150E333-8FDC-42A3-9474-1A3956D46DE8}") = "Infrastructure", "Infrastructure", "{CEC7B801-3A4A-4786-B7EF-B298CB1D3349}"
EndProject
Project("{FAE04EC0-301F-11D3-BF4B-00C04F79EFBC}") = "App.Persistence", "App.Persistence\App.Persistence.csproj", "{C693D2D3-6728-40F6-826A-9D7649E6D6A6}"
EndProject
Project("{2150E333-8FDC-42A3-9474-1A3956D46DE8}") = "API", "API", "{AFDC35A0-4D90-40A8-B2BB-ABB51548BD10}"
EndProject
Project("{FAE04EC0-301F-11D3-BF4B-00C04F79EFBC}") = "App.Application", "CleanArchitecture\Src\Core\App.Application\App.Application.csproj", "{E968A24A-40DA-4D77-B523-34F0A2645A90}"
EndProject
Project("{FAE04EC0-301F-11D3-BF4B-00C04F79EFBC}") = "App.Domain", "CleanArchitecture\Src\Core\App.Domain\App.Domain.csproj", "{DFB8FA27-28BF-4815-84D0-AFD20128397D}"
EndProject
Project("{FAE04EC0-301F-11D3-BF4B-00C04F79EFBC}") = "App.API", "CleanArchitecture\Src\API\App.API\App.API.csproj", "{2791BF84-DAAC-49C4-B4FE-C0AF2BC2515B}"
EndProject
Global
	GlobalSection(SolutionConfigurationPlatforms) = preSolution
		Debug|Any CPU = Debug|Any CPU
		Release|Any CPU = Release|Any CPU
	EndGlobalSection
	GlobalSection(ProjectConfigurationPlatforms) = postSolution
		{C693D2D3-6728-40F6-826A-9D7649E6D6A6}.Debug|Any CPU.ActiveCfg = Debug|Any CPU
		{C693D2D3-6728-40F6-826A-9D7649E6D6A6}.Debug|Any CPU.Build.0 = Debug|Any CPU
		{C693D2D3-6728-40F6-826A-9D7649E6D6A6}.Release|Any CPU.ActiveCfg = Release|Any CPU
		{C693D2D3-6728-40F6-826A-9D7649E6D6A6}.Release|Any CPU.Build.0 = Release|Any CPU
		{E968A24A-40DA-4D77-B523-34F0A2645A90}.Debug|Any CPU.ActiveCfg = Debug|Any CPU
		{E968A24A-40DA-4D77-B523-34F0A2645A90}.Debug|Any CPU.Build.0 = Debug|Any CPU
		{E968A24A-40DA-4D77-B523-34F0A2645A90}.Release|Any CPU.ActiveCfg = Release|Any CPU
		{E968A24A-40DA-4D77-B523-34F0A2645A90}.Release|Any CPU.Build.0 = Release|Any CPU
		{DFB8FA27-28BF-4815-84D0-AFD20128397D}.Debug|Any CPU.ActiveCfg = Debug|Any CPU
		{DFB8FA27-28BF-4815-84D0-AFD20128397D}.Debug|Any CPU.Build.0 = Debug|Any CPU
		{DFB8FA27-28BF-4815-84D0-AFD20128397D}.Release|Any CPU.ActiveCfg = Release|Any CPU
		{DFB8FA27-28BF-4815-84D0-AFD20128397D}.Release|Any CPU.Build.0 = Release|Any CPU
		{2791BF84-DAAC-49C4-B4FE-C0AF2BC2515B}.Debug|Any CPU.ActiveCfg = Debug|Any CPU
		{2791BF84-DAAC-49C4-B4FE-C0AF2BC2515B}.Debug|Any CPU.Build.0 = Debug|Any CPU
		{2791BF84-DAAC-49C4-B4FE-C0AF2BC2515B}.Release|Any CPU.ActiveCfg = Release|Any CPU
		{2791BF84-DAAC-49C4-B4FE-C0AF2BC2515B}.Release|Any CPU.Build.0 = Release|Any CPU
	EndGlobalSection
	GlobalSection(SolutionProperties) = preSolution
		HideSolutionNode = FALSE
	EndGlobalSection
	GlobalSection(NestedProjects) = preSolution
		{7901FE91-F870-4EB5-913E-D49D2ED790EF} = {425540F1-A533-44EE-9D0F-AEF3D10FD877}
		{45883837-6208-4F0B-B3A7-A0A431228C2E} = {425540F1-A533-44EE-9D0F-AEF3D10FD877}
		{5DAAF5DB-9270-4B5C-8CF0-0CE6AF459569} = {7901FE91-F870-4EB5-913E-D49D2ED790EF}
		{CEC7B801-3A4A-4786-B7EF-B298CB1D3349} = {7901FE91-F870-4EB5-913E-D49D2ED790EF}
		{C693D2D3-6728-40F6-826A-9D7649E6D6A6} = {CEC7B801-3A4A-4786-B7EF-B298CB1D3349}
		{AFDC35A0-4D90-40A8-B2BB-ABB51548BD10} = {7901FE91-F870-4EB5-913E-D49D2ED790EF}
		{E968A24A-40DA-4D77-B523-34F0A2645A90} = {5DAAF5DB-9270-4B5C-8CF0-0CE6AF459569}
		{DFB8FA27-28BF-4815-84D0-AFD20128397D} = {5DAAF5DB-9270-4B5C-8CF0-0CE6AF459569}
		{2791BF84-DAAC-49C4-B4FE-C0AF2BC2515B} = {AFDC35A0-4D90-40A8-B2BB-ABB51548BD10}
	EndGlobalSection
	GlobalSection(ExtensibilityGlobals) = postSolution
		SolutionGuid = {B5CBA9D0-F89A-48BB-8C29-BFAC9D4C2F65}
	EndGlobalSection
EndGlobal
